// !$*UTF8*$!
{
	archiveVersion = 1;
	classes = {
	};
	objectVersion = 51;
	objects = {

/* Begin PBXBuildFile section */
		57C1E79AA69A714C02F30A5B /* Pods_SmackApp.framework in Frameworks */ = {isa = PBXBuildFile; fileRef = 38FD540F2623072EF78FCF5E /* Pods_SmackApp.framework */; };
		AC6D3DE2238ECEB300A6E030 /* SWRevealViewController.m in Sources */ = {isa = PBXBuildFile; fileRef = AC6D3DE1238ECEB300A6E030 /* SWRevealViewController.m */; };
		AC8547C42386CD1C00310B4B /* AppDelegate.swift in Sources */ = {isa = PBXBuildFile; fileRef = AC8547C32386CD1C00310B4B /* AppDelegate.swift */; };
		AC8547C62386CD1C00310B4B /* SceneDelegate.swift in Sources */ = {isa = PBXBuildFile; fileRef = AC8547C52386CD1C00310B4B /* SceneDelegate.swift */; };
		AC8547C82386CD1C00310B4B /* ViewController.swift in Sources */ = {isa = PBXBuildFile; fileRef = AC8547C72386CD1C00310B4B /* ViewController.swift */; };
		AC8547CB2386CD1C00310B4B /* Main.storyboard in Resources */ = {isa = PBXBuildFile; fileRef = AC8547C92386CD1C00310B4B /* Main.storyboard */; };
		AC8547CD2386CD1D00310B4B /* Assets.xcassets in Resources */ = {isa = PBXBuildFile; fileRef = AC8547CC2386CD1D00310B4B /* Assets.xcassets */; };
		AC8547D02386CD1D00310B4B /* LaunchScreen.storyboard in Resources */ = {isa = PBXBuildFile; fileRef = AC8547CE2386CD1D00310B4B /* LaunchScreen.storyboard */; };
/* End PBXBuildFile section */

/* Begin PBXFileReference section */
		2EA8B8CBC958A6473DBFBB0B /* Pods-SmackApp.release.xcconfig */ = {isa = PBXFileReference; includeInIndex = 1; lastKnownFileType = text.xcconfig; name = "Pods-SmackApp.release.xcconfig"; path = "Target Support Files/Pods-SmackApp/Pods-SmackApp.release.xcconfig"; sourceTree = "<group>"; };
		38FD540F2623072EF78FCF5E /* Pods_SmackApp.framework */ = {isa = PBXFileReference; explicitFileType = wrapper.framework; includeInIndex = 0; path = Pods_SmackApp.framework; sourceTree = BUILT_PRODUCTS_DIR; };
		575EBD5F5926ADEBADAFE83E /* Pods-SmackApp.debug.xcconfig */ = {isa = PBXFileReference; includeInIndex = 1; lastKnownFileType = text.xcconfig; name = "Pods-SmackApp.debug.xcconfig"; path = "Target Support Files/Pods-SmackApp/Pods-SmackApp.debug.xcconfig"; sourceTree = "<group>"; };
		AC6D3DDF238ECEB300A6E030 /* SmackApp-Bridging-Header.h */ = {isa = PBXFileReference; lastKnownFileType = sourcecode.c.h; path = "SmackApp-Bridging-Header.h"; sourceTree = "<group>"; };
		AC6D3DE0238ECEB300A6E030 /* SWRevealViewController.h */ = {isa = PBXFileReference; fileEncoding = 4; lastKnownFileType = sourcecode.c.h; path = SWRevealViewController.h; sourceTree = "<group>"; };
		AC6D3DE1238ECEB300A6E030 /* SWRevealViewController.m */ = {isa = PBXFileReference; fileEncoding = 4; lastKnownFileType = sourcecode.c.objc; path = SWRevealViewController.m; sourceTree = "<group>"; };
		AC8547C02386CD1C00310B4B /* SmackApp.app */ = {isa = PBXFileReference; explicitFileType = wrapper.application; includeInIndex = 0; path = SmackApp.app; sourceTree = BUILT_PRODUCTS_DIR; };
		AC8547C32386CD1C00310B4B /* AppDelegate.swift */ = {isa = PBXFileReference; lastKnownFileType = sourcecode.swift; path = AppDelegate.swift; sourceTree = "<group>"; };
		AC8547C52386CD1C00310B4B /* SceneDelegate.swift */ = {isa = PBXFileReference; lastKnownFileType = sourcecode.swift; path = SceneDelegate.swift; sourceTree = "<group>"; };
		AC8547C72386CD1C00310B4B /* ViewController.swift */ = {isa = PBXFileReference; lastKnownFileType = sourcecode.swift; path = ViewController.swift; sourceTree = "<group>"; };
		AC8547CA2386CD1C00310B4B /* Base */ = {isa = PBXFileReference; lastKnownFileType = file.storyboard; name = Base; path = Base.lproj/Main.storyboard; sourceTree = "<group>"; };
		AC8547CC2386CD1D00310B4B /* Assets.xcassets */ = {isa = PBXFileReference; lastKnownFileType = folder.assetcatalog; path = Assets.xcassets; sourceTree = "<group>"; };
		AC8547CF2386CD1D00310B4B /* Base */ = {isa = PBXFileReference; lastKnownFileType = file.storyboard; name = Base; path = Base.lproj/LaunchScreen.storyboard; sourceTree = "<group>"; };
		AC8547D12386CD1D00310B4B /* Info.plist */ = {isa = PBXFileReference; lastKnownFileType = text.plist.xml; path = Info.plist; sourceTree = "<group>"; };
/* End PBXFileReference section */

/* Begin PBXFrameworksBuildPhase section */
		AC8547BD2386CD1C00310B4B /* Frameworks */ = {
			isa = PBXFrameworksBuildPhase;
			buildActionMask = 2147483647;
			files = (
				57C1E79AA69A714C02F30A5B /* Pods_SmackApp.framework in Frameworks */,
			);
			runOnlyForDeploymentPostprocessing = 0;
		};
/* End PBXFrameworksBuildPhase section */

/* Begin PBXGroup section */
		409C54EF4071BDE2B91131C8 /* Frameworks */ = {
			isa = PBXGroup;
			children = (
				38FD540F2623072EF78FCF5E /* Pods_SmackApp.framework */,
			);
			name = Frameworks;
			sourceTree = "<group>";
		};
		AC6D3DDE238ECE9900A6E030 /* Supporting Files */ = {
			isa = PBXGroup;
			children = (
				AC6D3DE0238ECEB300A6E030 /* SWRevealViewController.h */,
				AC6D3DE1238ECEB300A6E030 /* SWRevealViewController.m */,
				AC6D3DDF238ECEB300A6E030 /* SmackApp-Bridging-Header.h */,
			);
			path = "Supporting Files";
			sourceTree = "<group>";
		};
		AC8547B72386CD1C00310B4B = {
			isa = PBXGroup;
			children = (
				AC6D3DDE238ECE9900A6E030 /* Supporting Files */,
				AC8547C22386CD1C00310B4B /* SmackApp */,
				AC8547C12386CD1C00310B4B /* Products */,
				C398C3D1C530368A7D5F612A /* Pods */,
				409C54EF4071BDE2B91131C8 /* Frameworks */,
			);
			sourceTree = "<group>";
		};
		AC8547C12386CD1C00310B4B /* Products */ = {
			isa = PBXGroup;
			children = (
				AC8547C02386CD1C00310B4B /* SmackApp.app */,
			);
			name = Products;
			sourceTree = "<group>";
		};
		AC8547C22386CD1C00310B4B /* SmackApp */ = {
			isa = PBXGroup;
			children = (
				AC8547C32386CD1C00310B4B /* AppDelegate.swift */,
				AC8547C52386CD1C00310B4B /* SceneDelegate.swift */,
				AC8547C72386CD1C00310B4B /* ViewController.swift */,
				AC8547C92386CD1C00310B4B /* Main.storyboard */,
				AC8547CC2386CD1D00310B4B /* Assets.xcassets */,
				AC8547CE2386CD1D00310B4B /* LaunchScreen.storyboard */,
				AC8547D12386CD1D00310B4B /* Info.plist */,
			);
			path = SmackApp;
			sourceTree = "<group>";
		};
		C398C3D1C530368A7D5F612A /* Pods */ = {
			isa = PBXGroup;
			children = (
				575EBD5F5926ADEBADAFE83E /* Pods-SmackApp.debug.xcconfig */,
				2EA8B8CBC958A6473DBFBB0B /* Pods-SmackApp.release.xcconfig */,
			);
			path = Pods;
			sourceTree = "<group>";
		};
/* End PBXGroup section */

/* Begin PBXNativeTarget section */
		AC8547BF2386CD1C00310B4B /* SmackApp */ = {
			isa = PBXNativeTarget;
			buildConfigurationList = AC8547D42386CD1D00310B4B /* Build configuration list for PBXNativeTarget "SmackApp" */;
			buildPhases = (
				AD6786472086E21A84215621 /* [CP] Check Pods Manifest.lock */,
				AC8547BC2386CD1C00310B4B /* Sources */,
				AC8547BD2386CD1C00310B4B /* Frameworks */,
				AC8547BE2386CD1C00310B4B /* Resources */,
				A4AEC3F0BA065FE36501FCD5 /* [CP] Embed Pods Frameworks */,
			);
			buildRules = (
			);
			dependencies = (
			);
			name = SmackApp;
			productName = SmackApp;
			productReference = AC8547C02386CD1C00310B4B /* SmackApp.app */;
			productType = "com.apple.product-type.application";
		};
/* End PBXNativeTarget section */

/* Begin PBXProject section */
		AC8547B82386CD1C00310B4B /* Project object */ = {
			isa = PBXProject;
			attributes = {
				LastSwiftUpdateCheck = 1120;
				LastUpgradeCheck = 1120;
				ORGANIZATIONNAME = "Thomas Pigg";
				TargetAttributes = {
					AC8547BF2386CD1C00310B4B = {
						CreatedOnToolsVersion = 11.2;
						LastSwiftMigration = 1120;
					};
				};
			};
			buildConfigurationList = AC8547BB2386CD1C00310B4B /* Build configuration list for PBXProject "SmackApp" */;
			compatibilityVersion = "Xcode 9.3";
			developmentRegion = en;
			hasScannedForEncodings = 0;
			knownRegions = (
				en,
				Base,
			);
			mainGroup = AC8547B72386CD1C00310B4B;
			productRefGroup = AC8547C12386CD1C00310B4B /* Products */;
			projectDirPath = "";
			projectRoot = "";
			targets = (
				AC8547BF2386CD1C00310B4B /* SmackApp */,
			);
		};
/* End PBXProject section */

/* Begin PBXResourcesBuildPhase section */
		AC8547BE2386CD1C00310B4B /* Resources */ = {
			isa = PBXResourcesBuildPhase;
			buildActionMask = 2147483647;
			files = (
				AC8547D02386CD1D00310B4B /* LaunchScreen.storyboard in Resources */,
				AC8547CD2386CD1D00310B4B /* Assets.xcassets in Resources */,
				AC8547CB2386CD1C00310B4B /* Main.storyboard in Resources */,
			);
			runOnlyForDeploymentPostprocessing = 0;
		};
/* End PBXResourcesBuildPhase section */

/* Begin PBXShellScriptBuildPhase section */
		A4AEC3F0BA065FE36501FCD5 /* [CP] Embed Pods Frameworks */ = {
			isa = PBXShellScriptBuildPhase;
			buildActionMask = 2147483647;
			files = (
			);
			inputFileListPaths = (
				"${PODS_ROOT}/Target Support Files/Pods-SmackApp/Pods-SmackApp-frameworks-${CONFIGURATION}-input-files.xcfilelist",
			);
			name = "[CP] Embed Pods Frameworks";
			outputFileListPaths = (
				"${PODS_ROOT}/Target Support Files/Pods-SmackApp/Pods-SmackApp-frameworks-${CONFIGURATION}-output-files.xcfilelist",
			);
			runOnlyForDeploymentPostprocessing = 0;
			shellPath = /bin/sh;
			shellScript = "\"${PODS_ROOT}/Target Support Files/Pods-SmackApp/Pods-SmackApp-frameworks.sh\"\n";
			showEnvVarsInLog = 0;
		};
		AD6786472086E21A84215621 /* [CP] Check Pods Manifest.lock */ = {
			isa = PBXShellScriptBuildPhase;
			buildActionMask = 2147483647;
			files = (
			);
			inputFileListPaths = (
			);
			inputPaths = (
				"${PODS_PODFILE_DIR_PATH}/Podfile.lock",
				"${PODS_ROOT}/Manifest.lock",
			);
			name = "[CP] Check Pods Manifest.lock";
			outputFileListPaths = (
			);
			outputPaths = (
				"$(DERIVED_FILE_DIR)/Pods-SmackApp-checkManifestLockResult.txt",
			);
			runOnlyForDeploymentPostprocessing = 0;
			shellPath = /bin/sh;
			shellScript = "diff \"${PODS_PODFILE_DIR_PATH}/Podfile.lock\" \"${PODS_ROOT}/Manifest.lock\" > /dev/null\nif [ $? != 0 ] ; then\n    # print error to STDERR\n    echo \"error: The sandbox is not in sync with the Podfile.lock. Run 'pod install' or update your CocoaPods installation.\" >&2\n    exit 1\nfi\n# This output is used by Xcode 'outputs' to avoid re-running this script phase.\necho \"SUCCESS\" > \"${SCRIPT_OUTPUT_FILE_0}\"\n";
			showEnvVarsInLog = 0;
		};
/* End PBXShellScriptBuildPhase section */

/* Begin PBXSourcesBuildPhase section */
		AC8547BC2386CD1C00310B4B /* Sources */ = {
			isa = PBXSourcesBuildPhase;
			buildActionMask = 2147483647;
			files = (
				AC8547C82386CD1C00310B4B /* ViewController.swift in Sources */,
				AC8547C42386CD1C00310B4B /* AppDelegate.swift in Sources */,
				AC8547C62386CD1C00310B4B /* SceneDelegate.swift in Sources */,
				AC6D3DE2238ECEB300A6E030 /* SWRevealViewController.m in Sources */,
			);
			runOnlyForDeploymentPostprocessing = 0;
		};
/* End PBXSourcesBuildPhase section */

/* Begin PBXVariantGroup section */
		AC8547C92386CD1C00310B4B /* Main.storyboard */ = {
			isa = PBXVariantGroup;
			children = (
				AC8547CA2386CD1C00310B4B /* Base */,
			);
			name = Main.storyboard;
			sourceTree = "<group>";
		};
		AC8547CE2386CD1D00310B4B /* LaunchScreen.storyboard */ = {
			isa = PBXVariantGroup;
			children = (
				AC8547CF2386CD1D00310B4B /* Base */,
			);
			name = LaunchScreen.storyboard;
			sourceTree = "<group>";
		};
/* End PBXVariantGroup section */

/* Begin XCBuildConfiguration section */
		AC8547D22386CD1D00310B4B /* Debug */ = {
			isa = XCBuildConfiguration;
			buildSettings = {
				ALWAYS_SEARCH_USER_PATHS = NO;
				CLANG_ANALYZER_NONNULL = YES;
				CLANG_ANALYZER_NUMBER_OBJECT_CONVERSION = YES_AGGRESSIVE;
				CLANG_CXX_LANGUAGE_STANDARD = "gnu++14";
				CLANG_CXX_LIBRARY = "libc++";
				CLANG_ENABLE_MODULES = YES;
				CLANG_ENABLE_OBJC_ARC = YES;
				CLANG_ENABLE_OBJC_WEAK = YES;
				CLANG_WARN_BLOCK_CAPTURE_AUTORELEASING = YES;
				CLANG_WARN_BOOL_CONVERSION = YES;
				CLANG_WARN_COMMA = YES;
				CLANG_WARN_CONSTANT_CONVERSION = YES;
				CLANG_WARN_DEPRECATED_OBJC_IMPLEMENTATIONS = YES;
				CLANG_WARN_DIRECT_OBJC_ISA_USAGE = YES_ERROR;
				CLANG_WARN_DOCUMENTATION_COMMENTS = YES;
				CLANG_WARN_EMPTY_BODY = YES;
				CLANG_WARN_ENUM_CONVERSION = YES;
				CLANG_WARN_INFINITE_RECURSION = YES;
				CLANG_WARN_INT_CONVERSION = YES;
				CLANG_WARN_NON_LITERAL_NULL_CONVERSION = YES;
				CLANG_WARN_OBJC_IMPLICIT_RETAIN_SELF = YES;
				CLANG_WARN_OBJC_LITERAL_CONVERSION = YES;
				CLANG_WARN_OBJC_ROOT_CLASS = YES_ERROR;
				CLANG_WARN_RANGE_LOOP_ANALYSIS = YES;
				CLANG_WARN_STRICT_PROTOTYPES = YES;
				CLANG_WARN_SUSPICIOUS_MOVE = YES;
				CLANG_WARN_UNGUARDED_AVAILABILITY = YES_AGGRESSIVE;
				CLANG_WARN_UNREACHABLE_CODE = YES;
				CLANG_WARN__DUPLICATE_METHOD_MATCH = YES;
				COPY_PHASE_STRIP = NO;
				DEBUG_INFORMATION_FORMAT = dwarf;
				ENABLE_STRICT_OBJC_MSGSEND = YES;
				ENABLE_TESTABILITY = YES;
				GCC_C_LANGUAGE_STANDARD = gnu11;
				GCC_DYNAMIC_NO_PIC = NO;
				GCC_NO_COMMON_BLOCKS = YES;
				GCC_OPTIMIZATION_LEVEL = 0;
				GCC_PREPROCESSOR_DEFINITIONS = (
					"DEBUG=1",
					"$(inherited)",
				);
				GCC_WARN_64_TO_32_BIT_CONVERSION = YES;
				GCC_WARN_ABOUT_RETURN_TYPE = YES_ERROR;
				GCC_WARN_UNDECLARED_SELECTOR = YES;
				GCC_WARN_UNINITIALIZED_AUTOS = YES_AGGRESSIVE;
				GCC_WARN_UNUSED_FUNCTION = YES;
				GCC_WARN_UNUSED_VARIABLE = YES;
				IPHONEOS_DEPLOYMENT_TARGET = 13.2;
				MTL_ENABLE_DEBUG_INFO = INCLUDE_SOURCE;
				MTL_FAST_MATH = YES;
				ONLY_ACTIVE_ARCH = YES;
				SDKROOT = iphoneos;
				SWIFT_ACTIVE_COMPILATION_CONDITIONS = DEBUG;
				SWIFT_OPTIMIZATION_LEVEL = "-Onone";
			};
			name = Debug;
		};
		AC8547D32386CD1D00310B4B /* Release */ = {
			isa = XCBuildConfiguration;
			buildSettings = {
				ALWAYS_SEARCH_USER_PATHS = NO;
				CLANG_ANALYZER_NONNULL = YES;
				CLANG_ANALYZER_NUMBER_OBJECT_CONVERSION = YES_AGGRESSIVE;
				CLANG_CXX_LANGUAGE_STANDARD = "gnu++14";
				CLANG_CXX_LIBRARY = "libc++";
				CLANG_ENABLE_MODULES = YES;
				CLANG_ENABLE_OBJC_ARC = YES;
				CLANG_ENABLE_OBJC_WEAK = YES;
				CLANG_WARN_BLOCK_CAPTURE_AUTORELEASING = YES;
				CLANG_WARN_BOOL_CONVERSION = YES;
				CLANG_WARN_COMMA = YES;
				CLANG_WARN_CONSTANT_CONVERSION = YES;
				CLANG_WARN_DEPRECATED_OBJC_IMPLEMENTATIONS = YES;
				CLANG_WARN_DIRECT_OBJC_ISA_USAGE = YES_ERROR;
				CLANG_WARN_DOCUMENTATION_COMMENTS = YES;
				CLANG_WARN_EMPTY_BODY = YES;
				CLANG_WARN_ENUM_CONVERSION = YES;
				CLANG_WARN_INFINITE_RECURSION = YES;
				CLANG_WARN_INT_CONVERSION = YES;
				CLANG_WARN_NON_LITERAL_NULL_CONVERSION = YES;
				CLANG_WARN_OBJC_IMPLICIT_RETAIN_SELF = YES;
				CLANG_WARN_OBJC_LITERAL_CONVERSION = YES;
				CLANG_WARN_OBJC_ROOT_CLASS = YES_ERROR;
				CLANG_WARN_RANGE_LOOP_ANALYSIS = YES;
				CLANG_WARN_STRICT_PROTOTYPES = YES;
				CLANG_WARN_SUSPICIOUS_MOVE = YES;
				CLANG_WARN_UNGUARDED_AVAILABILITY = YES_AGGRESSIVE;
				CLANG_WARN_UNREACHABLE_CODE = YES;
				CLANG_WARN__DUPLICATE_METHOD_MATCH = YES;
				COPY_PHASE_STRIP = NO;
				DEBUG_INFORMATION_FORMAT = "dwarf-with-dsym";
				ENABLE_NS_ASSERTIONS = NO;
				ENABLE_STRICT_OBJC_MSGSEND = YES;
				GCC_C_LANGUAGE_STANDARD = gnu11;
				GCC_NO_COMMON_BLOCKS = YES;
				GCC_WARN_64_TO_32_BIT_CONVERSION = YES;
				GCC_WARN_ABOUT_RETURN_TYPE = YES_ERROR;
				GCC_WARN_UNDECLARED_SELECTOR = YES;
				GCC_WARN_UNINITIALIZED_AUTOS = YES_AGGRESSIVE;
				GCC_WARN_UNUSED_FUNCTION = YES;
				GCC_WARN_UNUSED_VARIABLE = YES;
				IPHONEOS_DEPLOYMENT_TARGET = 13.2;
				MTL_ENABLE_DEBUG_INFO = NO;
				MTL_FAST_MATH = YES;
				SDKROOT = iphoneos;
				SWIFT_COMPILATION_MODE = wholemodule;
				SWIFT_OPTIMIZATION_LEVEL = "-O";
				VALIDATE_PRODUCT = YES;
			};
			name = Release;
		};
		AC8547D52386CD1D00310B4B /* Debug */ = {
			isa = XCBuildConfiguration;
			baseConfigurationReference = 575EBD5F5926ADEBADAFE83E /* Pods-SmackApp.debug.xcconfig */;
			buildSettings = {
				ASSETCATALOG_COMPILER_APPICON_NAME = AppIcon;
				CLANG_ENABLE_MODULES = YES;
				CODE_SIGN_STYLE = Automatic;
				DEVELOPMENT_TEAM = 93V8883D9N;
				INFOPLIST_FILE = SmackApp/Info.plist;
				LD_RUNPATH_SEARCH_PATHS = (
					"$(inherited)",
					"@executable_path/Frameworks",
				);
				PRODUCT_BUNDLE_IDENTIFIER = tompigg.SmackApp;
				PRODUCT_NAME = "$(TARGET_NAME)";
				SWIFT_OBJC_BRIDGING_HEADER = "Supporting Files/SmackApp-Bridging-Header.h";
				SWIFT_OPTIMIZATION_LEVEL = "-Onone";
				SWIFT_VERSION = 5.0;
				TARGETED_DEVICE_FAMILY = 1;
			};
			name = Debug;
		};
		AC8547D62386CD1D00310B4B /* Release */ = {
			isa = XCBuildConfiguration;
			baseConfigurationReference = 2EA8B8CBC958A6473DBFBB0B /* Pods-SmackApp.release.xcconfig */;
			buildSettings = {
				ASSETCATALOG_COMPILER_APPICON_NAME = AppIcon;
				CLANG_ENABLE_MODULES = YES;
				CODE_SIGN_STYLE = Automatic;
				DEVELOPMENT_TEAM = 93V8883D9N;
				INFOPLIST_FILE = SmackApp/Info.plist;
				LD_RUNPATH_SEARCH_PATHS = (
					"$(inherited)",
					"@executable_path/Frameworks",
				);
				PRODUCT_BUNDLE_IDENTIFIER = tompigg.SmackApp;
				PRODUCT_NAME = "$(TARGET_NAME)";
				SWIFT_OBJC_BRIDGING_HEADER = "Supporting Files/SmackApp-Bridging-Header.h";
				SWIFT_VERSION = 5.0;
				TARGETED_DEVICE_FAMILY = 1;
			};
			name = Release;
		};
/* End XCBuildConfiguration section */

/* Begin XCConfigurationList section */
		AC8547BB2386CD1C00310B4B /* Build configuration list for PBXProject "SmackApp" */ = {
			isa = XCConfigurationList;
			buildConfigurations = (
				AC8547D22386CD1D00310B4B /* Debug */,
				AC8547D32386CD1D00310B4B /* Release */,
			);
			defaultConfigurationIsVisible = 0;
			defaultConfigurationName = Release;
		};
		AC8547D42386CD1D00310B4B /* Build configuration list for PBXNativeTarget "SmackApp" */ = {
			isa = XCConfigurationList;
			buildConfigurations = (
				AC8547D52386CD1D00310B4B /* Debug */,
				AC8547D62386CD1D00310B4B /* Release */,
			);
			defaultConfigurationIsVisible = 0;
			defaultConfigurationName = Release;
		};
/* End XCConfigurationList section */
	};
	rootObject = AC8547B82386CD1C00310B4B /* Project object */;
}
